lockfileVersion: 5.4

specifiers:
  '@types/commander': ^2.12.2
  '@types/node': ^18.13.0
  chatgpt: ^4.4.1
  commander: ^10.0.0
  typescript: ^4.9.5

dependencies:
  chatgpt: 4.4.1
  commander: 10.0.0

devDependencies:
  '@types/commander': 2.12.2
  '@types/node': 18.13.0
  typescript: 4.9.5

packages:

  /@types/commander/2.12.2:
    resolution: {integrity: sha512-0QEFiR8ljcHp9bAbWxecjVRuAMr16ivPiGOw6KFQBVrVd0RQIcM3xKdRisH2EDWgVWujiYtHwhSkSUoAAGzH7Q==}
    deprecated: This is a stub types definition for commander (https://github.com/tj/commander.js). commander provides its own type definitions, so you don't need @types/commander installed!
    dependencies:
      commander: 10.0.0
    dev: true

  /@types/node/18.13.0:
    resolution: {integrity: sha512-gC3TazRzGoOnoKAhUx+Q0t8S9Tzs74z7m0ipwGpSqQrleP14hKxP4/JUeEQcD3W1/aIpnWl8pHowI7WokuZpXg==}
    dev: true

  /chatgpt/4.4.1:
    resolution: {integrity: sha512-rccShNzq/aE4LMmwTW4IOHIAZgNRbX0KetVKRCdR4SkRXz63FWzOfu8pNbaN65gsvvXwXyRzD7W4LLDyXe4TYg==}
    engines: {node: '>=18'}
    dependencies:
      eventsource-parser: 0.0.5
      gpt-3-encoder: 1.1.4
      keyv: 4.5.2
      p-timeout: 6.1.1
      quick-lru: 6.1.1
      uuid: 9.0.0
    dev: false

  /commander/10.0.0:
    resolution: {integrity: sha512-zS5PnTI22FIRM6ylNW8G4Ap0IEOyk62fhLSD0+uHRT9McRCLGpkVNvao4bjimpK/GShynyQkFFxHhwMcETmduA==}
    engines: {node: '>=14'}

  /eventsource-parser/0.0.5:
    resolution: {integrity: sha512-BAq82bC3ZW9fPYYZlofXBOAfbpmDzXIOsj+GOehQwgTUYsQZ6HtHs6zuRtge7Ph8OhS6lNH1kJF8q9dj17RcmA==}
    engines: {node: '>=12'}
    dev: false

  /gpt-3-encoder/1.1.4:
    resolution: {integrity: sha512-fSQRePV+HUAhCn7+7HL7lNIXNm6eaFWFbNLOOGtmSJ0qJycyQvj60OvRlH7mee8xAMjBDNRdMXlMwjAbMTDjkg==}
    dev: false

  /json-buffer/3.0.1:
    resolution: {integrity: sha512-4bV5BfR2mqfQTJm+V5tPPdf+ZpuhiIvTuAB5g8kcrXOZpTT/QwwVRWBywX1ozr6lEuPdbHxwaJlm9G6mI2sfSQ==}
    dev: false

  /keyv/4.5.2:
    resolution: {integrity: sha512-5MHbFaKn8cNSmVW7BYnijeAVlE4cYA/SVkifVgrh7yotnfhKmjuXpDKjrABLnT0SfHWV21P8ow07OGfRrNDg8g==}
    dependencies:
      json-buffer: 3.0.1
    dev: false

  /p-timeout/6.1.1:
    resolution: {integrity: sha512-yqz2Wi4fiFRpMmK0L2pGAU49naSUaP23fFIQL2Y6YT+qDGPoFwpvgQM/wzc6F8JoenUkIlAFa4Ql7NguXBxI7w==}
    engines: {node: '>=14.16'}
    dev: false

  /quick-lru/6.1.1:
    resolution: {integrity: sha512-S27GBT+F0NTRiehtbrgaSE1idUAJ5bX8dPAQTdylEyNlrdcH5X4Lz7Edz3DYzecbsCluD5zO8ZNEe04z3D3u6Q==}
    engines: {node: '>=12'}
    dev: false

  /typescript/4.9.5:
    resolution: {integrity: sha512-1FXk9E2Hm+QzZQ7z+McJiHL4NW1F2EzMu9Nq9i3zAaGqibafqYwCVU6WyWAuyQRRzOlxou8xZSyXLEN8oKj24g==}
    engines: {node: '>=4.2.0'}
    hasBin: true
    dev: true

  /uuid/9.0.0:
    resolution: {integrity: sha512-MXcSTerfPa4uqyzStbRoTgt5XIe3x5+42+q1sDuy3R5MDk66URdLMOZe5aPX/SQd+kuYAh0FdP/pO28IkQyTeg==}
    hasBin: true
    dev: false
